Microsoft Visual Studio Solution File, Format Version 11.00
# Visual Studio 2008

Project("{170CA555-39EB-5E43-4A49-6B08C3D6CB50}") = "IP2PROJECTUpdated", "Assembly-CSharp-firstpass.csproj", "{BD16D72D-CB57-4611-D410-79BFE09141DA}"
EndProject
Global
	GlobalSection(SolutionConfigurationPlatforms) = preSolution
		Debug|Any CPU = Debug|Any CPU
		Release|Any CPU = Release|Any CPU
	EndGlobalSection
	GlobalSection(ProjectConfigurationPlatforms) = postSolution
		{BD16D72D-CB57-4611-D410-79BFE09141DA}.Debug|Any CPU.ActiveCfg = Debug|Any CPU
		{BD16D72D-CB57-4611-D410-79BFE09141DA}.Debug|Any CPU.Build.0 = Debug|Any CPU
		{BD16D72D-CB57-4611-D410-79BFE09141DA}.Release|Any CPU.ActiveCfg = Release|Any CPU
		{BD16D72D-CB57-4611-D410-79BFE09141DA}.Release|Any CPU.Build.0 = Release|Any CPU
	EndGlobalSection
	GlobalSection(SolutionProperties) = preSolution
		HideSolutionNode = FALSE
	EndGlobalSection
							GlobalSection(MonoDevelopProperties) = preSolution
		StartupItem = Assembly-CSharp.csproj
		Policies = $0
		$0.TextStylePolicy = $1
		$1.inheritsSet = null
		$1.scope = text/x-csharp
		$0.CSharpFormattingPolicy = $2
		$2.inheritsSet = Mono
		$2.inheritsScope = text/x-csharp
		$2.scope = text/x-csharp
		$0.TextStylePolicy = $3
		$3.FileWidth = 120
		$3.TabWidth = 4
		$3.EolMarker = Unix
		$3.inheritsSet = Mono
		$3.inheritsScope = text/plain
		$3.scope = text/plain
	EndGlobalSection

EndGlobal
